
Microsoft Visual Studio Solution File, Format Version 12.00
# Visual Studio Version 16
VisualStudioVersion = 16.0.32002.261
MinimumVisualStudioVersion = 10.0.40219.1
Project("{FAE04EC0-301F-11D3-BF4B-00C04F79EFBC}") = "AdvertisementMessage", "AdvertisementMessage\AdvertisementMessage.csproj", "{BD26F6F4-05D5-44EA-9F77-4999118D70E2}"
EndProject
Project("{FAE04EC0-301F-11D3-BF4B-00C04F79EFBC}") = "Articles", "Articles\Articles.csproj", "{CD592CEB-C693-48A4-986D-FBF3DA4432C3}"
EndProject
Project("{FAE04EC0-301F-11D3-BF4B-00C04F79EFBC}") = "Articles2.0", "Articles2.0\Articles2.0.csproj", "{0AD8F26C-FBC0-4358-85FC-03284FB2291B}"
EndProject
Project("{FAE04EC0-301F-11D3-BF4B-00C04F79EFBC}") = "Students", "Students\Students.csproj", "{4C8AE3BF-84A4-4053-BC27-019F3266A6A3}"
EndProject
Project("{FAE04EC0-301F-11D3-BF4B-00C04F79EFBC}") = "TeamworkProjects", "TeamworkProjects\TeamworkProjects.csproj", "{8E5648D8-0173-4E33-A20B-3FBE609D5E3D}"
EndProject
Project("{FAE04EC0-301F-11D3-BF4B-00C04F79EFBC}") = "VehicleCatalogue", "VehicleCatalogue\VehicleCatalogue.csproj", "{5C3DDE57-1427-4727-AD58-D88EF98C057C}"
EndProject
Project("{FAE04EC0-301F-11D3-BF4B-00C04F79EFBC}") = "OrderByAge", "OrderByAge\OrderByAge.csproj", "{F09DB535-E1E9-472D-B2CF-1FBDF6ABADDB}"
EndProject
Global
	GlobalSection(SolutionConfigurationPlatforms) = preSolution
		Debug|Any CPU = Debug|Any CPU
		Release|Any CPU = Release|Any CPU
	EndGlobalSection
	GlobalSection(ProjectConfigurationPlatforms) = postSolution
		{BD26F6F4-05D5-44EA-9F77-4999118D70E2}.Debug|Any CPU.ActiveCfg = Debug|Any CPU
		{BD26F6F4-05D5-44EA-9F77-4999118D70E2}.Debug|Any CPU.Build.0 = Debug|Any CPU
		{BD26F6F4-05D5-44EA-9F77-4999118D70E2}.Release|Any CPU.ActiveCfg = Release|Any CPU
		{BD26F6F4-05D5-44EA-9F77-4999118D70E2}.Release|Any CPU.Build.0 = Release|Any CPU
		{CD592CEB-C693-48A4-986D-FBF3DA4432C3}.Debug|Any CPU.ActiveCfg = Debug|Any CPU
		{CD592CEB-C693-48A4-986D-FBF3DA4432C3}.Debug|Any CPU.Build.0 = Debug|Any CPU
		{CD592CEB-C693-48A4-986D-FBF3DA4432C3}.Release|Any CPU.ActiveCfg = Release|Any CPU
		{CD592CEB-C693-48A4-986D-FBF3DA4432C3}.Release|Any CPU.Build.0 = Release|Any CPU
		{0AD8F26C-FBC0-4358-85FC-03284FB2291B}.Debug|Any CPU.ActiveCfg = Debug|Any CPU
		{0AD8F26C-FBC0-4358-85FC-03284FB2291B}.Debug|Any CPU.Build.0 = Debug|Any CPU
		{0AD8F26C-FBC0-4358-85FC-03284FB2291B}.Release|Any CPU.ActiveCfg = Release|Any CPU
		{0AD8F26C-FBC0-4358-85FC-03284FB2291B}.Release|Any CPU.Build.0 = Release|Any CPU
		{4C8AE3BF-84A4-4053-BC27-019F3266A6A3}.Debug|Any CPU.ActiveCfg = Debug|Any CPU
		{4C8AE3BF-84A4-4053-BC27-019F3266A6A3}.Debug|Any CPU.Build.0 = Debug|Any CPU
		{4C8AE3BF-84A4-4053-BC27-019F3266A6A3}.Release|Any CPU.ActiveCfg = Release|Any CPU
		{4C8AE3BF-84A4-4053-BC27-019F3266A6A3}.Release|Any CPU.Build.0 = Release|Any CPU
		{8E5648D8-0173-4E33-A20B-3FBE609D5E3D}.Debug|Any CPU.ActiveCfg = Debug|Any CPU
		{8E5648D8-0173-4E33-A20B-3FBE609D5E3D}.Debug|Any CPU.Build.0 = Debug|Any CPU
		{8E5648D8-0173-4E33-A20B-3FBE609D5E3D}.Release|Any CPU.ActiveCfg = Release|Any CPU
		{8E5648D8-0173-4E33-A20B-3FBE609D5E3D}.Release|Any CPU.Build.0 = Release|Any CPU
		{5C3DDE57-1427-4727-AD58-D88EF98C057C}.Debug|Any CPU.ActiveCfg = Debug|Any CPU
		{5C3DDE57-1427-4727-AD58-D88EF98C057C}.Debug|Any CPU.Build.0 = Debug|Any CPU
		{5C3DDE57-1427-4727-AD58-D88EF98C057C}.Release|Any CPU.ActiveCfg = Release|Any CPU
		{5C3DDE57-1427-4727-AD58-D88EF98C057C}.Release|Any CPU.Build.0 = Release|Any CPU
		{F09DB535-E1E9-472D-B2CF-1FBDF6ABADDB}.Debug|Any CPU.ActiveCfg = Debug|Any CPU
		{F09DB535-E1E9-472D-B2CF-1FBDF6ABADDB}.Debug|Any CPU.Build.0 = Debug|Any CPU
		{F09DB535-E1E9-472D-B2CF-1FBDF6ABADDB}.Release|Any CPU.ActiveCfg = Release|Any CPU
		{F09DB535-E1E9-472D-B2CF-1FBDF6ABADDB}.Release|Any CPU.Build.0 = Release|Any CPU
	EndGlobalSection
	GlobalSection(SolutionProperties) = preSolution
		HideSolutionNode = FALSE
	EndGlobalSection
	GlobalSection(ExtensibilityGlobals) = postSolution
		SolutionGuid = {4299EE38-FF60-4C9C-BDBA-7CFFEA72C9AA}
	EndGlobalSection
EndGlobal
