
Microsoft Visual Studio Solution File, Format Version 12.00
# Visual Studio Version 16
VisualStudioVersion = 16.0.32002.261
MinimumVisualStudioVersion = 10.0.40219.1
Project("{FAE04EC0-301F-11D3-BF4B-00C04F79EFBC}") = "MatchFullName", "MatchFullName\MatchFullName.csproj", "{CC77CDA5-0425-418A-B431-85D09FEA4CBF}"
EndProject
Project("{FAE04EC0-301F-11D3-BF4B-00C04F79EFBC}") = "MatchPhoneNumber", "MatchPhoneNumber\MatchPhoneNumber.csproj", "{B79C848C-D5B5-41E4-BDE2-0A3695C9DB54}"
EndProject
Project("{FAE04EC0-301F-11D3-BF4B-00C04F79EFBC}") = "MatchDates", "MatchDates\MatchDates.csproj", "{BFE771CC-F5D1-4D02-8CCA-E2711F0EF029}"
EndProject
Global
	GlobalSection(SolutionConfigurationPlatforms) = preSolution
		Debug|Any CPU = Debug|Any CPU
		Release|Any CPU = Release|Any CPU
	EndGlobalSection
	GlobalSection(ProjectConfigurationPlatforms) = postSolution
		{CC77CDA5-0425-418A-B431-85D09FEA4CBF}.Debug|Any CPU.ActiveCfg = Debug|Any CPU
		{CC77CDA5-0425-418A-B431-85D09FEA4CBF}.Debug|Any CPU.Build.0 = Debug|Any CPU
		{CC77CDA5-0425-418A-B431-85D09FEA4CBF}.Release|Any CPU.ActiveCfg = Release|Any CPU
		{CC77CDA5-0425-418A-B431-85D09FEA4CBF}.Release|Any CPU.Build.0 = Release|Any CPU
		{B79C848C-D5B5-41E4-BDE2-0A3695C9DB54}.Debug|Any CPU.ActiveCfg = Debug|Any CPU
		{B79C848C-D5B5-41E4-BDE2-0A3695C9DB54}.Debug|Any CPU.Build.0 = Debug|Any CPU
		{B79C848C-D5B5-41E4-BDE2-0A3695C9DB54}.Release|Any CPU.ActiveCfg = Release|Any CPU
		{B79C848C-D5B5-41E4-BDE2-0A3695C9DB54}.Release|Any CPU.Build.0 = Release|Any CPU
		{BFE771CC-F5D1-4D02-8CCA-E2711F0EF029}.Debug|Any CPU.ActiveCfg = Debug|Any CPU
		{BFE771CC-F5D1-4D02-8CCA-E2711F0EF029}.Debug|Any CPU.Build.0 = Debug|Any CPU
		{BFE771CC-F5D1-4D02-8CCA-E2711F0EF029}.Release|Any CPU.ActiveCfg = Release|Any CPU
		{BFE771CC-F5D1-4D02-8CCA-E2711F0EF029}.Release|Any CPU.Build.0 = Release|Any CPU
	EndGlobalSection
	GlobalSection(SolutionProperties) = preSolution
		HideSolutionNode = FALSE
	EndGlobalSection
	GlobalSection(ExtensibilityGlobals) = postSolution
		SolutionGuid = {673B9EDC-8580-4E5B-A572-70C24E09A857}
	EndGlobalSection
EndGlobal
