
Microsoft Visual Studio Solution File, Format Version 12.00
# Visual Studio Version 16
VisualStudioVersion = 16.0.32002.261
MinimumVisualStudioVersion = 10.0.40219.1
Project("{FAE04EC0-301F-11D3-BF4B-00C04F79EFBC}") = "Furniture", "Furniture\Furniture.csproj", "{2D007F3D-6874-4C12-A627-5A48A6D98F4E}"
EndProject
Project("{FAE04EC0-301F-11D3-BF4B-00C04F79EFBC}") = "Race", "Race\Race.csproj", "{529F0902-3B4F-4539-9786-5C8DA26B0493}"
EndProject
Project("{FAE04EC0-301F-11D3-BF4B-00C04F79EFBC}") = "SoftUniBarIncome", "SoftUniBarIncome\SoftUniBarIncome.csproj", "{533D72EF-C62E-41F9-9C41-4F0F4F94731C}"
EndProject
Project("{FAE04EC0-301F-11D3-BF4B-00C04F79EFBC}") = "StarEnigma", "StarEnigma\StarEnigma.csproj", "{72607776-76B6-44B5-837C-744EA948A49E}"
EndProject
Project("{FAE04EC0-301F-11D3-BF4B-00C04F79EFBC}") = "NetherRealms", "NetherRealms\NetherRealms.csproj", "{3D8ED7DB-CF20-4EE2-BE84-676BF7220244}"
EndProject
Global
	GlobalSection(SolutionConfigurationPlatforms) = preSolution
		Debug|Any CPU = Debug|Any CPU
		Release|Any CPU = Release|Any CPU
	EndGlobalSection
	GlobalSection(ProjectConfigurationPlatforms) = postSolution
		{2D007F3D-6874-4C12-A627-5A48A6D98F4E}.Debug|Any CPU.ActiveCfg = Debug|Any CPU
		{2D007F3D-6874-4C12-A627-5A48A6D98F4E}.Debug|Any CPU.Build.0 = Debug|Any CPU
		{2D007F3D-6874-4C12-A627-5A48A6D98F4E}.Release|Any CPU.ActiveCfg = Release|Any CPU
		{2D007F3D-6874-4C12-A627-5A48A6D98F4E}.Release|Any CPU.Build.0 = Release|Any CPU
		{529F0902-3B4F-4539-9786-5C8DA26B0493}.Debug|Any CPU.ActiveCfg = Debug|Any CPU
		{529F0902-3B4F-4539-9786-5C8DA26B0493}.Debug|Any CPU.Build.0 = Debug|Any CPU
		{529F0902-3B4F-4539-9786-5C8DA26B0493}.Release|Any CPU.ActiveCfg = Release|Any CPU
		{529F0902-3B4F-4539-9786-5C8DA26B0493}.Release|Any CPU.Build.0 = Release|Any CPU
		{533D72EF-C62E-41F9-9C41-4F0F4F94731C}.Debug|Any CPU.ActiveCfg = Debug|Any CPU
		{533D72EF-C62E-41F9-9C41-4F0F4F94731C}.Debug|Any CPU.Build.0 = Debug|Any CPU
		{533D72EF-C62E-41F9-9C41-4F0F4F94731C}.Release|Any CPU.ActiveCfg = Release|Any CPU
		{533D72EF-C62E-41F9-9C41-4F0F4F94731C}.Release|Any CPU.Build.0 = Release|Any CPU
		{72607776-76B6-44B5-837C-744EA948A49E}.Debug|Any CPU.ActiveCfg = Debug|Any CPU
		{72607776-76B6-44B5-837C-744EA948A49E}.Debug|Any CPU.Build.0 = Debug|Any CPU
		{72607776-76B6-44B5-837C-744EA948A49E}.Release|Any CPU.ActiveCfg = Release|Any CPU
		{72607776-76B6-44B5-837C-744EA948A49E}.Release|Any CPU.Build.0 = Release|Any CPU
		{3D8ED7DB-CF20-4EE2-BE84-676BF7220244}.Debug|Any CPU.ActiveCfg = Debug|Any CPU
		{3D8ED7DB-CF20-4EE2-BE84-676BF7220244}.Debug|Any CPU.Build.0 = Debug|Any CPU
		{3D8ED7DB-CF20-4EE2-BE84-676BF7220244}.Release|Any CPU.ActiveCfg = Release|Any CPU
		{3D8ED7DB-CF20-4EE2-BE84-676BF7220244}.Release|Any CPU.Build.0 = Release|Any CPU
	EndGlobalSection
	GlobalSection(SolutionProperties) = preSolution
		HideSolutionNode = FALSE
	EndGlobalSection
	GlobalSection(ExtensibilityGlobals) = postSolution
		SolutionGuid = {501C5718-B524-4652-9A71-28946977FCCD}
	EndGlobalSection
EndGlobal
